
Microsoft Visual Studio Solution File, Format Version 12.00
# Visual Studio Version 16
VisualStudioVersion = 16.0.31613.86
MinimumVisualStudioVersion = 10.0.40219.1
Project("{FAE04EC0-301F-11D3-BF4B-00C04F79EFBC}") = "VanillaPsycastsExpanded_BiotechAddition", "VanillaPsycastsExpanded_BiotechAddition\VanillaPsycastsExpanded_BiotechAddition.csproj", "{78959845-A0F9-46AC-A3C6-C95276685EAC}"
EndProject
Global
	GlobalSection(SolutionConfigurationPlatforms) = preSolution
		Debug|Any CPU = Debug|Any CPU
		Release|Any CPU = Release|Any CPU
	EndGlobalSection
	GlobalSection(ProjectConfigurationPlatforms) = postSolution
		{78959845-A0F9-46AC-A3C6-C95276685EAC}.Debug|Any CPU.ActiveCfg = Debug|Any CPU
		{78959845-A0F9-46AC-A3C6-C95276685EAC}.Debug|Any CPU.Build.0 = Debug|Any CPU
		{78959845-A0F9-46AC-A3C6-C95276685EAC}.Release|Any CPU.ActiveCfg = Release|Any CPU
		{78959845-A0F9-46AC-A3C6-C95276685EAC}.Release|Any CPU.Build.0 = Release|Any CPU
	EndGlobalSection
	GlobalSection(SolutionProperties) = preSolution
		HideSolutionNode = FALSE
	EndGlobalSection
	GlobalSection(ExtensibilityGlobals) = postSolution
		SolutionGuid = {1266CE32-3825-44D7-BC62-4FDBBF997FE1}
	EndGlobalSection
EndGlobal
